
Microsoft Visual Studio Solution File, Format Version 12.00
# Visual Studio Version 18
VisualStudioVersion = 18.3.11520.95
MinimumVisualStudioVersion = 10.0.40219.1
Project("{FAE04EC0-301F-11D3-BF4B-00C04F79EFBC}") = "ConnectOneMVC", "ConnectOneMVC\ConnectOneMVC.csproj", "{955C0BDE-FCF8-44A1-AE30-BE740D8956DE}"
EndProject
Project("{FAE04EC0-301F-11D3-BF4B-00C04F79EFBC}") = "ConnectOneMVCTest", "ConnectOneMVCTest\ConnectOneMVCTest.csproj", "{30530879-97F9-476B-8A60-9D34236A9B14}"
EndProject
Project("{E24C65DC-7377-472B-9ABA-BC803B73C61A}") = "WebService.Real", "WebService.Real\", "{0677DC4F-A89B-4577-9156-3A30985C5A1D}"
	ProjectSection(WebsiteProperties) = preProject
		SccProjectName = "SAK"
		SccAuxPath = "SAK"
		SccLocalPath = "SAK"
		SccProvider = "SAK"
		TargetFrameworkMoniker = ".NETFramework,Version%3Dv4.5.2"
		Debug.AspNetCompiler.VirtualPath = "/WebService.Real"
		Debug.AspNetCompiler.PhysicalPath = "WebService.Real\"
		Debug.AspNetCompiler.TargetPath = "PrecompiledWeb\WebService.Real\"
		Debug.AspNetCompiler.Updateable = "true"
		Debug.AspNetCompiler.ForceOverwrite = "true"
		Debug.AspNetCompiler.FixedNames = "false"
		Debug.AspNetCompiler.Debug = "True"
		Release.AspNetCompiler.VirtualPath = "/WebService.Real"
		Release.AspNetCompiler.PhysicalPath = "WebService.Real\"
		Release.AspNetCompiler.TargetPath = "PrecompiledWeb\WebService.Real\"
		Release.AspNetCompiler.Updateable = "true"
		Release.AspNetCompiler.ForceOverwrite = "true"
		Release.AspNetCompiler.FixedNames = "false"
		Release.AspNetCompiler.Debug = "False"
		VWDPort = "1916"
		VWDDynamicPort = "false"
		VWDVirtualPath = "/RealTimeService"
		SlnRelativePath = "WebService.Real\"
		StartServerOnDebug = "true"
	EndProjectSection
EndProject
Project("{F184B08F-C81C-45F6-A57F-5ABD9991F28F}") = "D0000.Common", "D0000.Common\D0000.Common.vbproj", "{522FD30E-03BB-42A8-A5F0-78AA6D3B382D}"
	ProjectSection(ProjectDependencies) = postProject
		{0677DC4F-A89B-4577-9156-3A30985C5A1D} = {0677DC4F-A89B-4577-9156-3A30985C5A1D}
	EndProjectSection
EndProject
Project("{F184B08F-C81C-45F6-A57F-5ABD9991F28F}") = "D0010.001.Acc.General", "D0010.001.Acc.General\D0010.001.Acc.General.vbproj", "{99523DD7-DC6D-49B2-BF08-87B54F0A5B6A}"
EndProject
Project("{FAE04EC0-301F-11D3-BF4B-00C04F79EFBC}") = "WhatsappBusiness.CloudApi", "WhatsappBusiness.CloudApi\WhatsappBusiness.CloudApi.csproj", "{A0FBB161-E9A9-4064-BABA-73E890792FBB}"
EndProject
Project("{2150E333-8FDC-42A3-9474-1A3956D46DE8}") = "Documentation", "Documentation", "{B1401865-BF09-415F-A864-853F714CF5E8}"
	ProjectSection(SolutionItems) = preProject
		Action_Tracker.md = Action_Tracker.md
	EndProjectSection
EndProject
Global
	GlobalSection(SolutionConfigurationPlatforms) = preSolution
		Debug|Any CPU = Debug|Any CPU
		Debug|x86 = Debug|x86
		Release|Any CPU = Release|Any CPU
		Release|x86 = Release|x86
	EndGlobalSection
	GlobalSection(ProjectConfigurationPlatforms) = postSolution
		{955C0BDE-FCF8-44A1-AE30-BE740D8956DE}.Debug|Any CPU.ActiveCfg = Debug|Any CPU
		{955C0BDE-FCF8-44A1-AE30-BE740D8956DE}.Debug|Any CPU.Build.0 = Debug|Any CPU
		{955C0BDE-FCF8-44A1-AE30-BE740D8956DE}.Debug|x86.ActiveCfg = Debug|Any CPU
		{955C0BDE-FCF8-44A1-AE30-BE740D8956DE}.Debug|x86.Build.0 = Debug|Any CPU
		{955C0BDE-FCF8-44A1-AE30-BE740D8956DE}.Release|Any CPU.ActiveCfg = Release|Any CPU
		{955C0BDE-FCF8-44A1-AE30-BE740D8956DE}.Release|Any CPU.Build.0 = Release|Any CPU
		{955C0BDE-FCF8-44A1-AE30-BE740D8956DE}.Release|x86.ActiveCfg = Release|Any CPU
		{955C0BDE-FCF8-44A1-AE30-BE740D8956DE}.Release|x86.Build.0 = Release|Any CPU
		{30530879-97F9-476B-8A60-9D34236A9B14}.Debug|Any CPU.ActiveCfg = Debug|Any CPU
		{30530879-97F9-476B-8A60-9D34236A9B14}.Debug|x86.ActiveCfg = Debug|Any CPU
		{30530879-97F9-476B-8A60-9D34236A9B14}.Debug|x86.Build.0 = Debug|Any CPU
		{30530879-97F9-476B-8A60-9D34236A9B14}.Release|Any CPU.ActiveCfg = Release|Any CPU
		{30530879-97F9-476B-8A60-9D34236A9B14}.Release|Any CPU.Build.0 = Release|Any CPU
		{30530879-97F9-476B-8A60-9D34236A9B14}.Release|x86.ActiveCfg = Release|Any CPU
		{30530879-97F9-476B-8A60-9D34236A9B14}.Release|x86.Build.0 = Release|Any CPU
		{0677DC4F-A89B-4577-9156-3A30985C5A1D}.Debug|Any CPU.ActiveCfg = Debug|Any CPU
		{0677DC4F-A89B-4577-9156-3A30985C5A1D}.Debug|Any CPU.Build.0 = Debug|Any CPU
		{0677DC4F-A89B-4577-9156-3A30985C5A1D}.Debug|x86.ActiveCfg = Debug|Any CPU
		{0677DC4F-A89B-4577-9156-3A30985C5A1D}.Debug|x86.Build.0 = Debug|Any CPU
		{0677DC4F-A89B-4577-9156-3A30985C5A1D}.Release|Any CPU.ActiveCfg = Debug|Any CPU
		{0677DC4F-A89B-4577-9156-3A30985C5A1D}.Release|Any CPU.Build.0 = Debug|Any CPU
		{0677DC4F-A89B-4577-9156-3A30985C5A1D}.Release|x86.ActiveCfg = Debug|Any CPU
		{0677DC4F-A89B-4577-9156-3A30985C5A1D}.Release|x86.Build.0 = Debug|Any CPU
		{522FD30E-03BB-42A8-A5F0-78AA6D3B382D}.Debug|Any CPU.ActiveCfg = Debug|x86
		{522FD30E-03BB-42A8-A5F0-78AA6D3B382D}.Debug|x86.ActiveCfg = Debug|x86
		{522FD30E-03BB-42A8-A5F0-78AA6D3B382D}.Debug|x86.Build.0 = Debug|x86
		{522FD30E-03BB-42A8-A5F0-78AA6D3B382D}.Release|Any CPU.ActiveCfg = Release|x86
		{522FD30E-03BB-42A8-A5F0-78AA6D3B382D}.Release|x86.ActiveCfg = Release|x86
		{522FD30E-03BB-42A8-A5F0-78AA6D3B382D}.Release|x86.Build.0 = Release|x86
		{99523DD7-DC6D-49B2-BF08-87B54F0A5B6A}.Debug|Any CPU.ActiveCfg = Debug|x86
		{99523DD7-DC6D-49B2-BF08-87B54F0A5B6A}.Debug|x86.ActiveCfg = Debug|x86
		{99523DD7-DC6D-49B2-BF08-87B54F0A5B6A}.Debug|x86.Build.0 = Debug|x86
		{99523DD7-DC6D-49B2-BF08-87B54F0A5B6A}.Release|Any CPU.ActiveCfg = Release|x86
		{99523DD7-DC6D-49B2-BF08-87B54F0A5B6A}.Release|x86.ActiveCfg = Release|x86
		{99523DD7-DC6D-49B2-BF08-87B54F0A5B6A}.Release|x86.Build.0 = Release|x86
		{A0FBB161-E9A9-4064-BABA-73E890792FBB}.Debug|Any CPU.ActiveCfg = Debug|Any CPU
		{A0FBB161-E9A9-4064-BABA-73E890792FBB}.Debug|Any CPU.Build.0 = Debug|Any CPU
		{A0FBB161-E9A9-4064-BABA-73E890792FBB}.Debug|x86.ActiveCfg = Debug|Any CPU
		{A0FBB161-E9A9-4064-BABA-73E890792FBB}.Debug|x86.Build.0 = Debug|Any CPU
		{A0FBB161-E9A9-4064-BABA-73E890792FBB}.Release|Any CPU.ActiveCfg = Release|Any CPU
		{A0FBB161-E9A9-4064-BABA-73E890792FBB}.Release|Any CPU.Build.0 = Release|Any CPU
		{A0FBB161-E9A9-4064-BABA-73E890792FBB}.Release|x86.ActiveCfg = Release|Any CPU
		{A0FBB161-E9A9-4064-BABA-73E890792FBB}.Release|x86.Build.0 = Release|Any CPU
	EndGlobalSection
	GlobalSection(SolutionProperties) = preSolution
		HideSolutionNode = FALSE
	EndGlobalSection
	GlobalSection(ExtensibilityGlobals) = postSolution
		SolutionGuid = {0F21FB0F-4499-4D8C-A40D-1EC66464C32E}
	EndGlobalSection
	GlobalSection(Performance) = preSolution
		HasPerformanceSessions = true
	EndGlobalSection
EndGlobal
